{
  "name": "vanilla-p5",
  "version": "1.0.0",
  "lockfileVersion": 1,
  "requires": true,
  "dependencies": {
    "animate.css": {
      "version": "4.1.1",
      "resolved": "https://registry.npmjs.org/animate.css/-/animate.css-4.1.1.tgz",
      "integrity": "sha512-+mRmCTv6SbCmtYJCN4faJMNFVNN5EuCTTprDTAo7YzIGji2KADmakjVA3+8mVDkZ2Bf09vayB35lSQIex2+QaQ=="
    },
    "scss": {
      "version": "git+https://github.com/Jean-MarcG/scss_p5.git#e44bc756b5479900642b83f5405c6195a33c5a98",
      "from": "git+https://github.com/Jean-MarcG/scss_p5.git"
    }
  }
}
